{"SurveyEntry":{"SurveyID":"SV_3CM9g94Yt0LmTzf","SurveyName":"two dice","SurveyDescription":null,"SurveyOwnerID":"UR_dm76LTgzGbRZ7Ug","SurveyBrandID":"fppvu","DivisionID":null,"SurveyLanguage":"EN","SurveyActiveResponseSet":"RS_d4ir1NEedK3BwIR","SurveyStatus":"Active","SurveyStartDate":"0000-00-00 00:00:00","SurveyExpirationDate":"0000-00-00 00:00:00","SurveyCreationDate":"2020-01-06 05:59:05","CreatorID":"UR_dm76LTgzGbRZ7Ug","LastModified":"2020-01-06 07:01:18","LastAccessed":"0000-00-00 00:00:00","LastActivated":"2020-01-06 06:08:51","Deleted":null},"SurveyElements":[{"SurveyID":"SV_3CM9g94Yt0LmTzf","Element":"BL","PrimaryAttribute":"Survey Blocks","SecondaryAttribute":null,"TertiaryAttribute":null,"Payload":[{"Type":"Default","Description":"Default Question Block","ID":"BL_6ysdR1tgTfjOuJ7","BlockElements":[{"Type":"Question","QuestionID":"QID1"}]},{"Type":"Trash","Description":"Trash \/ Unused Questions","ID":"BL_802Z09BTqQcyTbL"},{"Type":"Standard","SubType":"","Description":"Block 1","ID":"BL_bHITObijGzjs6sl","BlockElements":[{"Type":"Question","QuestionID":"QID2"}]}]},{"SurveyID":"SV_3CM9g94Yt0LmTzf","Element":"FL","PrimaryAttribute":"Survey Flow","SecondaryAttribute":null,"TertiaryAttribute":null,"Payload":{"Type":"Root","FlowID":"FL_1","Flow":[{"Type":"EmbeddedData","FlowID":"FL_3","EmbeddedData":[{"Description":"dice1","Type":"Recipient","Field":"dice1","VariableType":"String","DataVisibility":[],"AnalyzeText":false},{"Description":"dice2","Type":"Recipient","Field":"dice2","VariableType":"String","DataVisibility":[],"AnalyzeText":false}]},{"Type":"Block","ID":"BL_6ysdR1tgTfjOuJ7","FlowID":"FL_2"},{"ID":"BL_bHITObijGzjs6sl","Type":"Standard","FlowID":"FL_4"}],"Properties":{"Count":4,"RemovedFieldsets":[]}}},{"SurveyID":"SV_3CM9g94Yt0LmTzf","Element":"SO","PrimaryAttribute":"Survey Options","SecondaryAttribute":null,"TertiaryAttribute":null,"Payload":{"BackButton":"false","SaveAndContinue":"true","SurveyProtection":"PublicSurvey","BallotBoxStuffingPrevention":"false","NoIndex":"Yes","SecureResponseFiles":"true","SurveyExpiration":"None","SurveyTermination":"DefaultMessage","Header":"<script>\n        var face1 = new Image();\n        face1.src = \"http:\/\/mneme.psy.vu.nl\/etp\/so\/dice\/1-red.png\";\n\n        var face2 = new Image();\n        face2.src = \"http:\/\/mneme.psy.vu.nl\/etp\/so\/dice\/2-red.png\";\n\n        var face3 = new Image();\n        face3.src = \"http:\/\/mneme.psy.vu.nl\/etp\/so\/dice\/3-red.png\";\n\n        var face4 = new Image();\n        face4.src = \"http:\/\/mneme.psy.vu.nl\/etp\/so\/dice\/4-red.png\";\n\n        var face5 = new Image();\n        face5.src = \"http:\/\/mneme.psy.vu.nl\/etp\/so\/dice\/5-red.png \";\n\n        var face6 = new Image();\n        face6.src = \" http:\/\/mneme.psy.vu.nl\/etp\/so\/dice\/6-red.png\";\n\n        \/\/ --- \/\/\n\n        var Bface1 = new Image();\n        Bface1.src = \"http:\/\/mneme.psy.vu.nl\/etp\/so\/dice\/1-green.png\";\n\n        var Bface2 = new Image();\n        Bface2.src = \"http:\/\/mneme.psy.vu.nl\/etp\/so\/dice\/2-green.png\";\n\n        var Bface3 = new Image();\n        Bface3.src = \"http:\/\/mneme.psy.vu.nl\/etp\/so\/dice\/3-green.png\";\n\n        var Bface4 = new Image();\n        Bface4.src = \"http:\/\/mneme.psy.vu.nl\/etp\/so\/dice\/4-green.png\";\n\n        var Bface5 = new Image();\n        Bface5.src = \"http:\/\/mneme.psy.vu.nl\/etp\/so\/dice\/5-green.png \";\n\n        var Bface6 = new Image();\n        Bface6.src = \" http:\/\/mneme.psy.vu.nl\/etp\/so\/dice\/6-green.png\";\n\n        function throwBoth() {\n            \/\/ get the button\n            var throwButton = document.getElementById(\"throwButton\");\n\n            throwdice1();\n            throwdice2();\n\n            \/\/ hide the button\n            throwButton.style.display = \"none\";\n        }\n\n        function throwdice1() {\n            \/\/ get random number\n            var randomdice1 = Math.floor(6 * Math.random()) + 1;\n\n            \/\/ Store value in data\n            Qualtrics.SurveyEngine.setEmbeddedData(\"dice1\", randomdice1);\n\n            \/\/ replace dice image\n            document.images[\"mydice1\"].src = eval(\"face\" + randomdice1 + \".src\");\n        }\n\n        function throwdice2() {\n            \/\/ get random number\n            var randomdice2 = Math.floor(6 * Math.random()) + 1;\n\n            \/\/ Store value in data\n            Qualtrics.SurveyEngine.setEmbeddedData(\"dice2\", randomdice2);\n\n            \/\/ replace dice image\n            document.images[\"mydice2\"].src = eval(\"Bface\" + randomdice2 + \".src\");\n            \n        }\n    <\/script>","Footer":"","ProgressBarDisplay":"None","PartialData":"+1 week","ValidationMessage":"","PreviousButton":" \u2190 ","NextButton":" \u2192 ","SkinLibrary":"fppvu","SkinType":"MQ","Skin":"skin1","NewScoring":1,"headerMid":"","ProtectSelectionIds":true}},{"SurveyID":"SV_3CM9g94Yt0LmTzf","Element":"SCO","PrimaryAttribute":"Scoring","SecondaryAttribute":null,"TertiaryAttribute":null,"Payload":{"ScoringCategories":[],"ScoringCategoryGroups":[],"ScoringSummaryCategory":null,"ScoringSummaryAfterQuestions":0,"ScoringSummaryAfterSurvey":0,"DefaultScoringCategory":null,"AutoScoringCategory":null}},{"SurveyID":"SV_3CM9g94Yt0LmTzf","Element":"PROJ","PrimaryAttribute":"CORE","SecondaryAttribute":null,"TertiaryAttribute":"1.1.0","Payload":{"ProjectCategory":"CORE","SchemaVersion":"1.1.0"}},{"SurveyID":"SV_3CM9g94Yt0LmTzf","Element":"STAT","PrimaryAttribute":"Survey Statistics","SecondaryAttribute":null,"TertiaryAttribute":null,"Payload":{"MobileCompatible":true,"ID":"Survey Statistics"}},{"SurveyID":"SV_3CM9g94Yt0LmTzf","Element":"QC","PrimaryAttribute":"Survey Question Count","SecondaryAttribute":"2","TertiaryAttribute":null,"Payload":null},{"SurveyID":"SV_3CM9g94Yt0LmTzf","Element":"SQ","PrimaryAttribute":"QID1","SecondaryAttribute":"\u00a0\u00a0","TertiaryAttribute":null,"Payload":{"QuestionText":"<div>\n   <img src=\"http:\/\/mneme.psy.vu.nl\/etp\/so\/dice\/0-red.png\" id=\"mydice1\" alt=\"\">\n   &nbsp;&nbsp;\n   <img src=\"http:\/\/mneme.psy.vu.nl\/etp\/so\/dice\/0-green.png\" id=\"mydice2\" alt=\"\">\n<\/div>\n<div>\n   <input id=\"throwButton\" type=\"button\" value=\"Throw the dice!!\" onclick=\"throwBoth()\">\n<\/div>","DefaultChoices":false,"DataExportTag":"Q1","QuestionID":"QID1","QuestionType":"DB","Selector":"TB","DataVisibility":{"Private":false,"Hidden":false},"Configuration":{"QuestionDescriptionOption":"UseText"},"QuestionDescription":"\u00a0\u00a0","ChoiceOrder":[],"Validation":{"Settings":{"Type":"None"}},"GradingData":[],"Language":[],"NextChoiceId":4,"NextAnswerId":1}},{"SurveyID":"SV_3CM9g94Yt0LmTzf","Element":"RS","PrimaryAttribute":"RS_d4ir1NEedK3BwIR","SecondaryAttribute":"Default Response Set","TertiaryAttribute":null,"Payload":null},{"SurveyID":"SV_3CM9g94Yt0LmTzf","Element":"SQ","PrimaryAttribute":"QID2","SecondaryAttribute":"Dice 1:\u00a0${e:\/\/Field\/dice1} Dice 2:\u00a0${e:\/\/Field\/dice2}","TertiaryAttribute":null,"Payload":{"QuestionText":"Dice 1:&nbsp;${e:\/\/Field\/dice1}<div><br><\/div><div>Dice 2:&nbsp;${e:\/\/Field\/dice2}<\/div>","DefaultChoices":false,"DataExportTag":"Q2","QuestionType":"DB","Selector":"TB","Configuration":{"QuestionDescriptionOption":"UseText"},"QuestionDescription":"Dice 1:\u00a0${e:\/\/Field\/dice1} Dice 2:\u00a0${e:\/\/Field\/dice2}","ChoiceOrder":[],"Validation":{"Settings":{"Type":"None"}},"GradingData":[],"Language":[],"NextChoiceId":4,"NextAnswerId":1,"QuestionID":"QID2"}}]}